// !$*UTF8*$!
{
	archiveVersion = 1;
	classes = {
	};
	objectVersion = 51;
	objects = {

/* Begin PBXBuildFile section */
		178DEEE02690229700BE73F3 /* AppDelegate.swift in Sources */ = {isa = PBXBuildFile; fileRef = 178DEEDF2690229700BE73F3 /* AppDelegate.swift */; };
		178DEEE22690229700BE73F3 /* SceneDelegate.swift in Sources */ = {isa = PBXBuildFile; fileRef = 178DEEE12690229700BE73F3 /* SceneDelegate.swift */; };
		178DEEE42690229700BE73F3 /* ViewController.swift in Sources */ = {isa = PBXBuildFile; fileRef = 178DEEE32690229700BE73F3 /* ViewController.swift */; };
		178DEEE72690229700BE73F3 /* Main.storyboard in Resources */ = {isa = PBXBuildFile; fileRef = 178DEEE52690229700BE73F3 /* Main.storyboard */; };
		178DEEE92690229800BE73F3 /* Assets.xcassets in Resources */ = {isa = PBXBuildFile; fileRef = 178DEEE82690229800BE73F3 /* Assets.xcassets */; };
		178DEEEC2690229800BE73F3 /* LaunchScreen.storyboard in Resources */ = {isa = PBXBuildFile; fileRef = 178DEEEA2690229800BE73F3 /* LaunchScreen.storyboard */; };
		178DEEFB269025F200BE73F3 /* ViewControllerFactory.swift in Sources */ = {isa = PBXBuildFile; fileRef = 178DEEFA269025F200BE73F3 /* ViewControllerFactory.swift */; };
		178DEEFE269028C300BE73F3 /* Login.storyboard in Resources */ = {isa = PBXBuildFile; fileRef = 178DEEFD269028C300BE73F3 /* Login.storyboard */; };
		178DEF00269028E100BE73F3 /* LoginViewController.swift in Sources */ = {isa = PBXBuildFile; fileRef = 178DEEFF269028E100BE73F3 /* LoginViewController.swift */; };
		178DEF0326902BA000BE73F3 /* SplashScreen.storyboard in Resources */ = {isa = PBXBuildFile; fileRef = 178DEF0226902BA000BE73F3 /* SplashScreen.storyboard */; };
		178DEF0526902BB800BE73F3 /* SplashScreenViewController.swift in Sources */ = {isa = PBXBuildFile; fileRef = 178DEF0426902BB800BE73F3 /* SplashScreenViewController.swift */; };
		178DEF0726903E0E00BE73F3 /* SuperExtension.swift in Sources */ = {isa = PBXBuildFile; fileRef = 178DEF0626903E0E00BE73F3 /* SuperExtension.swift */; };
		178DEF0A26905FDB00BE73F3 /* Signup.storyboard in Resources */ = {isa = PBXBuildFile; fileRef = 178DEF0926905FDB00BE73F3 /* Signup.storyboard */; };
		178DEF0C2690605000BE73F3 /* SignupViewController.swift in Sources */ = {isa = PBXBuildFile; fileRef = 178DEF0B2690605000BE73F3 /* SignupViewController.swift */; };
		178DEF1126906B5400BE73F3 /* TermAndConditionTableViewCell.swift in Sources */ = {isa = PBXBuildFile; fileRef = 178DEF0F26906B5400BE73F3 /* TermAndConditionTableViewCell.swift */; };
		178DEF1226906B5400BE73F3 /* TermAndConditionTableViewCell.xib in Resources */ = {isa = PBXBuildFile; fileRef = 178DEF1026906B5400BE73F3 /* TermAndConditionTableViewCell.xib */; };
		178DEF1526906EE500BE73F3 /* SignupViewModel.swift in Sources */ = {isa = PBXBuildFile; fileRef = 178DEF1426906EE500BE73F3 /* SignupViewModel.swift */; };
		178DEF192690885000BE73F3 /* VerifyTableViewCell.swift in Sources */ = {isa = PBXBuildFile; fileRef = 178DEF172690884F00BE73F3 /* VerifyTableViewCell.swift */; };
		178DEF1A2690885000BE73F3 /* VerifyTableViewCell.xib in Resources */ = {isa = PBXBuildFile; fileRef = 178DEF182690884F00BE73F3 /* VerifyTableViewCell.xib */; };
		178DEF1C2690B55200BE73F3 /* AlertOTP.swift in Sources */ = {isa = PBXBuildFile; fileRef = 178DEF1B2690B54F00BE73F3 /* AlertOTP.swift */; };
		178DEF202690BFE000BE73F3 /* KeyWithTFTableViewCell.swift in Sources */ = {isa = PBXBuildFile; fileRef = 178DEF1E2690BFDF00BE73F3 /* KeyWithTFTableViewCell.swift */; };
		178DEF212690BFE000BE73F3 /* KeyWithTFTableViewCell.xib in Resources */ = {isa = PBXBuildFile; fileRef = 178DEF1F2690BFDF00BE73F3 /* KeyWithTFTableViewCell.xib */; };
		178DEF232690C22200BE73F3 /* UserModel.swift in Sources */ = {isa = PBXBuildFile; fileRef = 178DEF222690C22200BE73F3 /* UserModel.swift */; };
		178DEF252690C2D500BE73F3 /* VehicleModel.swift in Sources */ = {isa = PBXBuildFile; fileRef = 178DEF242690C2D500BE73F3 /* VehicleModel.swift */; };
		178DEF282690C96500BE73F3 /* KeyWithBtnTableViewCell.swift in Sources */ = {isa = PBXBuildFile; fileRef = 178DEF262690C96500BE73F3 /* KeyWithBtnTableViewCell.swift */; };
		178DEF292690C96500BE73F3 /* KeyWithBtnTableViewCell.xib in Resources */ = {isa = PBXBuildFile; fileRef = 178DEF272690C96500BE73F3 /* KeyWithBtnTableViewCell.xib */; };
		178DEF2F26916B0500BE73F3 /* RegisterTableViewCell.swift in Sources */ = {isa = PBXBuildFile; fileRef = 178DEF2D26916B0400BE73F3 /* RegisterTableViewCell.swift */; };
		178DEF3026916B0500BE73F3 /* RegisterTableViewCell.xib in Resources */ = {isa = PBXBuildFile; fileRef = 178DEF2E26916B0400BE73F3 /* RegisterTableViewCell.xib */; };
		178DEF3226916F8500BE73F3 /* BaseController.swift in Sources */ = {isa = PBXBuildFile; fileRef = 178DEF3126916F8500BE73F3 /* BaseController.swift */; };
		6A366A4434A9E97F5A2FB719 /* Pods_QCharge.framework in Frameworks */ = {isa = PBXBuildFile; fileRef = 2DC3E04628308FEE14C224E1 /* Pods_QCharge.framework */; };
/* End PBXBuildFile section */

/* Begin PBXFileReference section */
		0BF648ED4228ABC76B927D9B /* Pods-QCharge.debug.xcconfig */ = {isa = PBXFileReference; includeInIndex = 1; lastKnownFileType = text.xcconfig; name = "Pods-QCharge.debug.xcconfig"; path = "Target Support Files/Pods-QCharge/Pods-QCharge.debug.xcconfig"; sourceTree = "<group>"; };
		178DEEDC2690229700BE73F3 /* QCharge.app */ = {isa = PBXFileReference; explicitFileType = wrapper.application; includeInIndex = 0; path = QCharge.app; sourceTree = BUILT_PRODUCTS_DIR; };
		178DEEDF2690229700BE73F3 /* AppDelegate.swift */ = {isa = PBXFileReference; lastKnownFileType = sourcecode.swift; path = AppDelegate.swift; sourceTree = "<group>"; };
		178DEEE12690229700BE73F3 /* SceneDelegate.swift */ = {isa = PBXFileReference; lastKnownFileType = sourcecode.swift; path = SceneDelegate.swift; sourceTree = "<group>"; };
		178DEEE32690229700BE73F3 /* ViewController.swift */ = {isa = PBXFileReference; lastKnownFileType = sourcecode.swift; path = ViewController.swift; sourceTree = "<group>"; };
		178DEEE62690229700BE73F3 /* Base */ = {isa = PBXFileReference; lastKnownFileType = file.storyboard; name = Base; path = Base.lproj/Main.storyboard; sourceTree = "<group>"; };
		178DEEE82690229800BE73F3 /* Assets.xcassets */ = {isa = PBXFileReference; lastKnownFileType = folder.assetcatalog; path = Assets.xcassets; sourceTree = "<group>"; };
		178DEEEB2690229800BE73F3 /* Base */ = {isa = PBXFileReference; lastKnownFileType = file.storyboard; name = Base; path = Base.lproj/LaunchScreen.storyboard; sourceTree = "<group>"; };
		178DEEED2690229800BE73F3 /* Info.plist */ = {isa = PBXFileReference; lastKnownFileType = text.plist.xml; path = Info.plist; sourceTree = "<group>"; };
		178DEEFA269025F200BE73F3 /* ViewControllerFactory.swift */ = {isa = PBXFileReference; lastKnownFileType = sourcecode.swift; path = ViewControllerFactory.swift; sourceTree = "<group>"; };
		178DEEFD269028C300BE73F3 /* Login.storyboard */ = {isa = PBXFileReference; lastKnownFileType = file.storyboard; name = Login.storyboard; path = QCharge/Controllers/Login.storyboard; sourceTree = SOURCE_ROOT; };
		178DEEFF269028E100BE73F3 /* LoginViewController.swift */ = {isa = PBXFileReference; lastKnownFileType = sourcecode.swift; path = LoginViewController.swift; sourceTree = "<group>"; };
		178DEF0226902BA000BE73F3 /* SplashScreen.storyboard */ = {isa = PBXFileReference; lastKnownFileType = file.storyboard; path = SplashScreen.storyboard; sourceTree = "<group>"; };
		178DEF0426902BB800BE73F3 /* SplashScreenViewController.swift */ = {isa = PBXFileReference; lastKnownFileType = sourcecode.swift; path = SplashScreenViewController.swift; sourceTree = "<group>"; };
		178DEF0626903E0E00BE73F3 /* SuperExtension.swift */ = {isa = PBXFileReference; lastKnownFileType = sourcecode.swift; path = SuperExtension.swift; sourceTree = "<group>"; };
		178DEF0926905FDB00BE73F3 /* Signup.storyboard */ = {isa = PBXFileReference; lastKnownFileType = file.storyboard; path = Signup.storyboard; sourceTree = "<group>"; };
		178DEF0B2690605000BE73F3 /* SignupViewController.swift */ = {isa = PBXFileReference; lastKnownFileType = sourcecode.swift; path = SignupViewController.swift; sourceTree = "<group>"; };
		178DEF0F26906B5400BE73F3 /* TermAndConditionTableViewCell.swift */ = {isa = PBXFileReference; lastKnownFileType = sourcecode.swift; path = TermAndConditionTableViewCell.swift; sourceTree = "<group>"; };
		178DEF1026906B5400BE73F3 /* TermAndConditionTableViewCell.xib */ = {isa = PBXFileReference; lastKnownFileType = file.xib; path = TermAndConditionTableViewCell.xib; sourceTree = "<group>"; };
		178DEF1426906EE500BE73F3 /* SignupViewModel.swift */ = {isa = PBXFileReference; lastKnownFileType = sourcecode.swift; path = SignupViewModel.swift; sourceTree = "<group>"; };
		178DEF172690884F00BE73F3 /* VerifyTableViewCell.swift */ = {isa = PBXFileReference; lastKnownFileType = sourcecode.swift; path = VerifyTableViewCell.swift; sourceTree = "<group>"; };
		178DEF182690884F00BE73F3 /* VerifyTableViewCell.xib */ = {isa = PBXFileReference; lastKnownFileType = file.xib; path = VerifyTableViewCell.xib; sourceTree = "<group>"; };
		178DEF1B2690B54F00BE73F3 /* AlertOTP.swift */ = {isa = PBXFileReference; lastKnownFileType = sourcecode.swift; path = AlertOTP.swift; sourceTree = "<group>"; };
		178DEF1E2690BFDF00BE73F3 /* KeyWithTFTableViewCell.swift */ = {isa = PBXFileReference; lastKnownFileType = sourcecode.swift; path = KeyWithTFTableViewCell.swift; sourceTree = "<group>"; };
		178DEF1F2690BFDF00BE73F3 /* KeyWithTFTableViewCell.xib */ = {isa = PBXFileReference; lastKnownFileType = file.xib; path = KeyWithTFTableViewCell.xib; sourceTree = "<group>"; };
		178DEF222690C22200BE73F3 /* UserModel.swift */ = {isa = PBXFileReference; lastKnownFileType = sourcecode.swift; path = UserModel.swift; sourceTree = "<group>"; };
		178DEF242690C2D500BE73F3 /* VehicleModel.swift */ = {isa = PBXFileReference; lastKnownFileType = sourcecode.swift; path = VehicleModel.swift; sourceTree = "<group>"; };
		178DEF262690C96500BE73F3 /* KeyWithBtnTableViewCell.swift */ = {isa = PBXFileReference; lastKnownFileType = sourcecode.swift; path = KeyWithBtnTableViewCell.swift; sourceTree = "<group>"; };
		178DEF272690C96500BE73F3 /* KeyWithBtnTableViewCell.xib */ = {isa = PBXFileReference; lastKnownFileType = file.xib; path = KeyWithBtnTableViewCell.xib; sourceTree = "<group>"; };
		178DEF2D26916B0400BE73F3 /* RegisterTableViewCell.swift */ = {isa = PBXFileReference; lastKnownFileType = sourcecode.swift; path = RegisterTableViewCell.swift; sourceTree = "<group>"; };
		178DEF2E26916B0400BE73F3 /* RegisterTableViewCell.xib */ = {isa = PBXFileReference; lastKnownFileType = file.xib; path = RegisterTableViewCell.xib; sourceTree = "<group>"; };
		178DEF3126916F8500BE73F3 /* BaseController.swift */ = {isa = PBXFileReference; lastKnownFileType = sourcecode.swift; path = BaseController.swift; sourceTree = "<group>"; };
		2DC3E04628308FEE14C224E1 /* Pods_QCharge.framework */ = {isa = PBXFileReference; explicitFileType = wrapper.framework; includeInIndex = 0; path = Pods_QCharge.framework; sourceTree = BUILT_PRODUCTS_DIR; };
		BE5335C4E27F1F967BC1D287 /* Pods-QCharge.release.xcconfig */ = {isa = PBXFileReference; includeInIndex = 1; lastKnownFileType = text.xcconfig; name = "Pods-QCharge.release.xcconfig"; path = "Target Support Files/Pods-QCharge/Pods-QCharge.release.xcconfig"; sourceTree = "<group>"; };
/* End PBXFileReference section */

/* Begin PBXFrameworksBuildPhase section */
		178DEED92690229700BE73F3 /* Frameworks */ = {
			isa = PBXFrameworksBuildPhase;
			buildActionMask = 2147483647;
			files = (
				6A366A4434A9E97F5A2FB719 /* Pods_QCharge.framework in Frameworks */,
			);
			runOnlyForDeploymentPostprocessing = 0;
		};
/* End PBXFrameworksBuildPhase section */

/* Begin PBXGroup section */
		178DEED32690229700BE73F3 = {
			isa = PBXGroup;
			children = (
				178DEEDE2690229700BE73F3 /* QCharge */,
				178DEEDD2690229700BE73F3 /* Products */,
				787E83568F184FF656F8A79E /* Pods */,
				6F058A97D641ADD56C018FA9 /* Frameworks */,
			);
			sourceTree = "<group>";
		};
		178DEEDD2690229700BE73F3 /* Products */ = {
			isa = PBXGroup;
			children = (
				178DEEDC2690229700BE73F3 /* QCharge.app */,
			);
			name = Products;
			sourceTree = "<group>";
		};
		178DEEDE2690229700BE73F3 /* QCharge */ = {
			isa = PBXGroup;
			children = (
				178DEEF5269024DA00BE73F3 /* Controllers */,
				178DEEF4269024CC00BE73F3 /* Models */,
				178DEEF3269024C000BE73F3 /* Views */,
				178DEEDF2690229700BE73F3 /* AppDelegate.swift */,
				178DEEE12690229700BE73F3 /* SceneDelegate.swift */,
				178DEEE32690229700BE73F3 /* ViewController.swift */,
				178DEEE52690229700BE73F3 /* Main.storyboard */,
				178DEEE82690229800BE73F3 /* Assets.xcassets */,
				178DEEEA2690229800BE73F3 /* LaunchScreen.storyboard */,
				178DEEED2690229800BE73F3 /* Info.plist */,
			);
			path = QCharge;
			sourceTree = "<group>";
		};
		178DEEF3269024C000BE73F3 /* Views */ = {
			isa = PBXGroup;
			children = (
				178DEF0826905FC800BE73F3 /* Signup */,
				178DEF0126902B8E00BE73F3 /* SplashScreen */,
				178DEEFC269028A600BE73F3 /* LoginPage */,
			);
			path = Views;
			sourceTree = "<group>";
		};
		178DEEF4269024CC00BE73F3 /* Models */ = {
			isa = PBXGroup;
			children = (
				178DEF222690C22200BE73F3 /* UserModel.swift */,
				178DEF242690C2D500BE73F3 /* VehicleModel.swift */,
			);
			path = Models;
			sourceTree = "<group>";
		};
		178DEEF5269024DA00BE73F3 /* Controllers */ = {
			isa = PBXGroup;
			children = (
				178DEF1326906E5100BE73F3 /* Views */,
				178DEEFA269025F200BE73F3 /* ViewControllerFactory.swift */,
				178DEF0626903E0E00BE73F3 /* SuperExtension.swift */,
				178DEF1B2690B54F00BE73F3 /* AlertOTP.swift */,
				178DEF3126916F8500BE73F3 /* BaseController.swift */,
			);
			path = Controllers;
			sourceTree = "<group>";
		};
		178DEEFC269028A600BE73F3 /* LoginPage */ = {
			isa = PBXGroup;
			children = (
				178DEEFD269028C300BE73F3 /* Login.storyboard */,
				178DEEFF269028E100BE73F3 /* LoginViewController.swift */,
			);
			path = LoginPage;
			sourceTree = "<group>";
		};
		178DEF0126902B8E00BE73F3 /* SplashScreen */ = {
			isa = PBXGroup;
			children = (
				178DEF0226902BA000BE73F3 /* SplashScreen.storyboard */,
				178DEF0426902BB800BE73F3 /* SplashScreenViewController.swift */,
			);
			path = SplashScreen;
			sourceTree = "<group>";
		};
		178DEF0826905FC800BE73F3 /* Signup */ = {
			isa = PBXGroup;
			children = (
				178DEF0D26906B1100BE73F3 /* Cell */,
				178DEF0926905FDB00BE73F3 /* Signup.storyboard */,
				178DEF0B2690605000BE73F3 /* SignupViewController.swift */,
			);
			path = Signup;
			sourceTree = "<group>";
		};
		178DEF0D26906B1100BE73F3 /* Cell */ = {
			isa = PBXGroup;
			children = (
				178DEF1D2690BFA000BE73F3 /* PersonalInfo */,
				178DEF16269085B700BE73F3 /* Verify */,
				178DEF0E26906B2500BE73F3 /* Term&Condition */,
			);
			path = Cell;
			sourceTree = "<group>";
		};
		178DEF0E26906B2500BE73F3 /* Term&Condition */ = {
			isa = PBXGroup;
			children = (
				178DEF0F26906B5400BE73F3 /* TermAndConditionTableViewCell.swift */,
				178DEF1026906B5400BE73F3 /* TermAndConditionTableViewCell.xib */,
			);
			path = "Term&Condition";
			sourceTree = "<group>";
		};
		178DEF1326906E5100BE73F3 /* Views */ = {
			isa = PBXGroup;
			children = (
				178DEF1426906EE500BE73F3 /* SignupViewModel.swift */,
			);
			path = Views;
			sourceTree = "<group>";
		};
		178DEF16269085B700BE73F3 /* Verify */ = {
			isa = PBXGroup;
			children = (
				178DEF172690884F00BE73F3 /* VerifyTableViewCell.swift */,
				178DEF182690884F00BE73F3 /* VerifyTableViewCell.xib */,
			);
			path = Verify;
			sourceTree = "<group>";
		};
		178DEF1D2690BFA000BE73F3 /* PersonalInfo */ = {
			isa = PBXGroup;
			children = (
				178DEF1E2690BFDF00BE73F3 /* KeyWithTFTableViewCell.swift */,
				178DEF1F2690BFDF00BE73F3 /* KeyWithTFTableViewCell.xib */,
				178DEF262690C96500BE73F3 /* KeyWithBtnTableViewCell.swift */,
				178DEF272690C96500BE73F3 /* KeyWithBtnTableViewCell.xib */,
				178DEF2D26916B0400BE73F3 /* RegisterTableViewCell.swift */,
				178DEF2E26916B0400BE73F3 /* RegisterTableViewCell.xib */,
			);
			path = PersonalInfo;
			sourceTree = "<group>";
		};
		6F058A97D641ADD56C018FA9 /* Frameworks */ = {
			isa = PBXGroup;
			children = (
				2DC3E04628308FEE14C224E1 /* Pods_QCharge.framework */,
			);
			name = Frameworks;
			sourceTree = "<group>";
		};
		787E83568F184FF656F8A79E /* Pods */ = {
			isa = PBXGroup;
			children = (
				0BF648ED4228ABC76B927D9B /* Pods-QCharge.debug.xcconfig */,
				BE5335C4E27F1F967BC1D287 /* Pods-QCharge.release.xcconfig */,
			);
			path = Pods;
			sourceTree = "<group>";
		};
/* End PBXGroup section */

/* Begin PBXNativeTarget section */
		178DEEDB2690229700BE73F3 /* QCharge */ = {
			isa = PBXNativeTarget;
			buildConfigurationList = 178DEEF02690229800BE73F3 /* Build configuration list for PBXNativeTarget "QCharge" */;
			buildPhases = (
				DC72CFC75E2B72FA7A96951D /* [CP] Check Pods Manifest.lock */,
				178DEED82690229700BE73F3 /* Sources */,
				178DEED92690229700BE73F3 /* Frameworks */,
				178DEEDA2690229700BE73F3 /* Resources */,
				E77A4CA8EBC811B07C1B7B41 /* [CP] Embed Pods Frameworks */,
			);
			buildRules = (
			);
			dependencies = (
			);
			name = QCharge;
			productName = QCharge;
			productReference = 178DEEDC2690229700BE73F3 /* QCharge.app */;
			productType = "com.apple.product-type.application";
		};
/* End PBXNativeTarget section */

/* Begin PBXProject section */
		178DEED42690229700BE73F3 /* Project object */ = {
			isa = PBXProject;
			attributes = {
				LastSwiftUpdateCheck = 1250;
				LastUpgradeCheck = 1250;
				TargetAttributes = {
					178DEEDB2690229700BE73F3 = {
						CreatedOnToolsVersion = 12.5.1;
					};
				};
			};
			buildConfigurationList = 178DEED72690229700BE73F3 /* Build configuration list for PBXProject "QCharge" */;
			compatibilityVersion = "Xcode 9.3";
			developmentRegion = en;
			hasScannedForEncodings = 0;
			knownRegions = (
				en,
				Base,
			);
			mainGroup = 178DEED32690229700BE73F3;
			productRefGroup = 178DEEDD2690229700BE73F3 /* Products */;
			projectDirPath = "";
			projectRoot = "";
			targets = (
				178DEEDB2690229700BE73F3 /* QCharge */,
			);
		};
/* End PBXProject section */

/* Begin PBXResourcesBuildPhase section */
		178DEEDA2690229700BE73F3 /* Resources */ = {
			isa = PBXResourcesBuildPhase;
			buildActionMask = 2147483647;
			files = (
				178DEF3026916B0500BE73F3 /* RegisterTableViewCell.xib in Resources */,
				178DEF212690BFE000BE73F3 /* KeyWithTFTableViewCell.xib in Resources */,
				178DEF1A2690885000BE73F3 /* VerifyTableViewCell.xib in Resources */,
				178DEEEC2690229800BE73F3 /* LaunchScreen.storyboard in Resources */,
				178DEEE92690229800BE73F3 /* Assets.xcassets in Resources */,
				178DEEFE269028C300BE73F3 /* Login.storyboard in Resources */,
				178DEF0326902BA000BE73F3 /* SplashScreen.storyboard in Resources */,
				178DEF0A26905FDB00BE73F3 /* Signup.storyboard in Resources */,
				178DEEE72690229700BE73F3 /* Main.storyboard in Resources */,
				178DEF292690C96500BE73F3 /* KeyWithBtnTableViewCell.xib in Resources */,
				178DEF1226906B5400BE73F3 /* TermAndConditionTableViewCell.xib in Resources */,
			);
			runOnlyForDeploymentPostprocessing = 0;
		};
/* End PBXResourcesBuildPhase section */

/* Begin PBXShellScriptBuildPhase section */
		DC72CFC75E2B72FA7A96951D /* [CP] Check Pods Manifest.lock */ = {
			isa = PBXShellScriptBuildPhase;
			buildActionMask = 2147483647;
			files = (
			);
			inputFileListPaths = (
			);
			inputPaths = (
				"${PODS_PODFILE_DIR_PATH}/Podfile.lock",
				"${PODS_ROOT}/Manifest.lock",
			);
			name = "[CP] Check Pods Manifest.lock";
			outputFileListPaths = (
			);
			outputPaths = (
				"$(DERIVED_FILE_DIR)/Pods-QCharge-checkManifestLockResult.txt",
			);
			runOnlyForDeploymentPostprocessing = 0;
			shellPath = /bin/sh;
			shellScript = "diff \"${PODS_PODFILE_DIR_PATH}/Podfile.lock\" \"${PODS_ROOT}/Manifest.lock\" > /dev/null\nif [ $? != 0 ] ; then\n    # print error to STDERR\n    echo \"error: The sandbox is not in sync with the Podfile.lock. Run 'pod install' or update your CocoaPods installation.\" >&2\n    exit 1\nfi\n# This output is used by Xcode 'outputs' to avoid re-running this script phase.\necho \"SUCCESS\" > \"${SCRIPT_OUTPUT_FILE_0}\"\n";
			showEnvVarsInLog = 0;
		};
		E77A4CA8EBC811B07C1B7B41 /* [CP] Embed Pods Frameworks */ = {
			isa = PBXShellScriptBuildPhase;
			buildActionMask = 2147483647;
			files = (
			);
			inputFileListPaths = (
				"${PODS_ROOT}/Target Support Files/Pods-QCharge/Pods-QCharge-frameworks-${CONFIGURATION}-input-files.xcfilelist",
			);
			name = "[CP] Embed Pods Frameworks";
			outputFileListPaths = (
				"${PODS_ROOT}/Target Support Files/Pods-QCharge/Pods-QCharge-frameworks-${CONFIGURATION}-output-files.xcfilelist",
			);
			runOnlyForDeploymentPostprocessing = 0;
			shellPath = /bin/sh;
			shellScript = "\"${PODS_ROOT}/Target Support Files/Pods-QCharge/Pods-QCharge-frameworks.sh\"\n";
			showEnvVarsInLog = 0;
		};
/* End PBXShellScriptBuildPhase section */

/* Begin PBXSourcesBuildPhase section */
		178DEED82690229700BE73F3 /* Sources */ = {
			isa = PBXSourcesBuildPhase;
			buildActionMask = 2147483647;
			files = (
				178DEF00269028E100BE73F3 /* LoginViewController.swift in Sources */,
				178DEF202690BFE000BE73F3 /* KeyWithTFTableViewCell.swift in Sources */,
				178DEF1126906B5400BE73F3 /* TermAndConditionTableViewCell.swift in Sources */,
				178DEEE42690229700BE73F3 /* ViewController.swift in Sources */,
				178DEF282690C96500BE73F3 /* KeyWithBtnTableViewCell.swift in Sources */,
				178DEF0C2690605000BE73F3 /* SignupViewController.swift in Sources */,
				178DEF1C2690B55200BE73F3 /* AlertOTP.swift in Sources */,
				178DEF0526902BB800BE73F3 /* SplashScreenViewController.swift in Sources */,
				178DEEFB269025F200BE73F3 /* ViewControllerFactory.swift in Sources */,
				178DEF252690C2D500BE73F3 /* VehicleModel.swift in Sources */,
				178DEF3226916F8500BE73F3 /* BaseController.swift in Sources */,
				178DEF232690C22200BE73F3 /* UserModel.swift in Sources */,
				178DEF192690885000BE73F3 /* VerifyTableViewCell.swift in Sources */,
				178DEF1526906EE500BE73F3 /* SignupViewModel.swift in Sources */,
				178DEF0726903E0E00BE73F3 /* SuperExtension.swift in Sources */,
				178DEF2F26916B0500BE73F3 /* RegisterTableViewCell.swift in Sources */,
				178DEEE02690229700BE73F3 /* AppDelegate.swift in Sources */,
				178DEEE22690229700BE73F3 /* SceneDelegate.swift in Sources */,
			);
			runOnlyForDeploymentPostprocessing = 0;
		};
/* End PBXSourcesBuildPhase section */

/* Begin PBXVariantGroup section */
		178DEEE52690229700BE73F3 /* Main.storyboard */ = {
			isa = PBXVariantGroup;
			children = (
				178DEEE62690229700BE73F3 /* Base */,
			);
			name = Main.storyboard;
			sourceTree = "<group>";
		};
		178DEEEA2690229800BE73F3 /* LaunchScreen.storyboard */ = {
			isa = PBXVariantGroup;
			children = (
				178DEEEB2690229800BE73F3 /* Base */,
			);
			name = LaunchScreen.storyboard;
			sourceTree = "<group>";
		};
/* End PBXVariantGroup section */

/* Begin XCBuildConfiguration section */
		178DEEEE2690229800BE73F3 /* Debug */ = {
			isa = XCBuildConfiguration;
			buildSettings = {
				ALWAYS_SEARCH_USER_PATHS = NO;
				CLANG_ANALYZER_NONNULL = YES;
				CLANG_ANALYZER_NUMBER_OBJECT_CONVERSION = YES_AGGRESSIVE;
				CLANG_CXX_LANGUAGE_STANDARD = "gnu++14";
				CLANG_CXX_LIBRARY = "libc++";
				CLANG_ENABLE_MODULES = YES;
				CLANG_ENABLE_OBJC_ARC = YES;
				CLANG_ENABLE_OBJC_WEAK = YES;
				CLANG_WARN_BLOCK_CAPTURE_AUTORELEASING = YES;
				CLANG_WARN_BOOL_CONVERSION = YES;
				CLANG_WARN_COMMA = YES;
				CLANG_WARN_CONSTANT_CONVERSION = YES;
				CLANG_WARN_DEPRECATED_OBJC_IMPLEMENTATIONS = YES;
				CLANG_WARN_DIRECT_OBJC_ISA_USAGE = YES_ERROR;
				CLANG_WARN_DOCUMENTATION_COMMENTS = YES;
				CLANG_WARN_EMPTY_BODY = YES;
				CLANG_WARN_ENUM_CONVERSION = YES;
				CLANG_WARN_INFINITE_RECURSION = YES;
				CLANG_WARN_INT_CONVERSION = YES;
				CLANG_WARN_NON_LITERAL_NULL_CONVERSION = YES;
				CLANG_WARN_OBJC_IMPLICIT_RETAIN_SELF = YES;
				CLANG_WARN_OBJC_LITERAL_CONVERSION = YES;
				CLANG_WARN_OBJC_ROOT_CLASS = YES_ERROR;
				CLANG_WARN_QUOTED_INCLUDE_IN_FRAMEWORK_HEADER = YES;
				CLANG_WARN_RANGE_LOOP_ANALYSIS = YES;
				CLANG_WARN_STRICT_PROTOTYPES = YES;
				CLANG_WARN_SUSPICIOUS_MOVE = YES;
				CLANG_WARN_UNGUARDED_AVAILABILITY = YES_AGGRESSIVE;
				CLANG_WARN_UNREACHABLE_CODE = YES;
				CLANG_WARN__DUPLICATE_METHOD_MATCH = YES;
				COPY_PHASE_STRIP = NO;
				DEBUG_INFORMATION_FORMAT = dwarf;
				ENABLE_STRICT_OBJC_MSGSEND = YES;
				ENABLE_TESTABILITY = YES;
				GCC_C_LANGUAGE_STANDARD = gnu11;
				GCC_DYNAMIC_NO_PIC = NO;
				GCC_NO_COMMON_BLOCKS = YES;
				GCC_OPTIMIZATION_LEVEL = 0;
				GCC_PREPROCESSOR_DEFINITIONS = (
					"DEBUG=1",
					"$(inherited)",
				);
				GCC_WARN_64_TO_32_BIT_CONVERSION = YES;
				GCC_WARN_ABOUT_RETURN_TYPE = YES_ERROR;
				GCC_WARN_UNDECLARED_SELECTOR = YES;
				GCC_WARN_UNINITIALIZED_AUTOS = YES_AGGRESSIVE;
				GCC_WARN_UNUSED_FUNCTION = YES;
				GCC_WARN_UNUSED_VARIABLE = YES;
				IPHONEOS_DEPLOYMENT_TARGET = 14.5;
				MTL_ENABLE_DEBUG_INFO = INCLUDE_SOURCE;
				MTL_FAST_MATH = YES;
				ONLY_ACTIVE_ARCH = YES;
				SDKROOT = iphoneos;
				SWIFT_ACTIVE_COMPILATION_CONDITIONS = DEBUG;
				SWIFT_OPTIMIZATION_LEVEL = "-Onone";
			};
			name = Debug;
		};
		178DEEEF2690229800BE73F3 /* Release */ = {
			isa = XCBuildConfiguration;
			buildSettings = {
				ALWAYS_SEARCH_USER_PATHS = NO;
				CLANG_ANALYZER_NONNULL = YES;
				CLANG_ANALYZER_NUMBER_OBJECT_CONVERSION = YES_AGGRESSIVE;
				CLANG_CXX_LANGUAGE_STANDARD = "gnu++14";
				CLANG_CXX_LIBRARY = "libc++";
				CLANG_ENABLE_MODULES = YES;
				CLANG_ENABLE_OBJC_ARC = YES;
				CLANG_ENABLE_OBJC_WEAK = YES;
				CLANG_WARN_BLOCK_CAPTURE_AUTORELEASING = YES;
				CLANG_WARN_BOOL_CONVERSION = YES;
				CLANG_WARN_COMMA = YES;
				CLANG_WARN_CONSTANT_CONVERSION = YES;
				CLANG_WARN_DEPRECATED_OBJC_IMPLEMENTATIONS = YES;
				CLANG_WARN_DIRECT_OBJC_ISA_USAGE = YES_ERROR;
				CLANG_WARN_DOCUMENTATION_COMMENTS = YES;
				CLANG_WARN_EMPTY_BODY = YES;
				CLANG_WARN_ENUM_CONVERSION = YES;
				CLANG_WARN_INFINITE_RECURSION = YES;
				CLANG_WARN_INT_CONVERSION = YES;
				CLANG_WARN_NON_LITERAL_NULL_CONVERSION = YES;
				CLANG_WARN_OBJC_IMPLICIT_RETAIN_SELF = YES;
				CLANG_WARN_OBJC_LITERAL_CONVERSION = YES;
				CLANG_WARN_OBJC_ROOT_CLASS = YES_ERROR;
				CLANG_WARN_QUOTED_INCLUDE_IN_FRAMEWORK_HEADER = YES;
				CLANG_WARN_RANGE_LOOP_ANALYSIS = YES;
				CLANG_WARN_STRICT_PROTOTYPES = YES;
				CLANG_WARN_SUSPICIOUS_MOVE = YES;
				CLANG_WARN_UNGUARDED_AVAILABILITY = YES_AGGRESSIVE;
				CLANG_WARN_UNREACHABLE_CODE = YES;
				CLANG_WARN__DUPLICATE_METHOD_MATCH = YES;
				COPY_PHASE_STRIP = NO;
				DEBUG_INFORMATION_FORMAT = "dwarf-with-dsym";
				ENABLE_NS_ASSERTIONS = NO;
				ENABLE_STRICT_OBJC_MSGSEND = YES;
				GCC_C_LANGUAGE_STANDARD = gnu11;
				GCC_NO_COMMON_BLOCKS = YES;
				GCC_WARN_64_TO_32_BIT_CONVERSION = YES;
				GCC_WARN_ABOUT_RETURN_TYPE = YES_ERROR;
				GCC_WARN_UNDECLARED_SELECTOR = YES;
				GCC_WARN_UNINITIALIZED_AUTOS = YES_AGGRESSIVE;
				GCC_WARN_UNUSED_FUNCTION = YES;
				GCC_WARN_UNUSED_VARIABLE = YES;
				IPHONEOS_DEPLOYMENT_TARGET = 14.5;
				MTL_ENABLE_DEBUG_INFO = NO;
				MTL_FAST_MATH = YES;
				SDKROOT = iphoneos;
				SWIFT_COMPILATION_MODE = wholemodule;
				SWIFT_OPTIMIZATION_LEVEL = "-O";
				VALIDATE_PRODUCT = YES;
			};
			name = Release;
		};
		178DEEF12690229800BE73F3 /* Debug */ = {
			isa = XCBuildConfiguration;
			baseConfigurationReference = 0BF648ED4228ABC76B927D9B /* Pods-QCharge.debug.xcconfig */;
			buildSettings = {
				ASSETCATALOG_COMPILER_APPICON_NAME = AppIcon;
				ASSETCATALOG_COMPILER_GLOBAL_ACCENT_COLOR_NAME = AccentColor;
				CODE_SIGN_STYLE = Automatic;
				DEVELOPMENT_TEAM = ZXJV579PJ7;
				INFOPLIST_FILE = QCharge/Info.plist;
				LD_RUNPATH_SEARCH_PATHS = (
					"$(inherited)",
					"@executable_path/Frameworks",
				);
				PRODUCT_BUNDLE_IDENTIFIER = prapawity.QCharge;
				PRODUCT_NAME = "$(TARGET_NAME)";
				SWIFT_VERSION = 5.0;
				TARGETED_DEVICE_FAMILY = "1,2";
			};
			name = Debug;
		};
		178DEEF22690229800BE73F3 /* Release */ = {
			isa = XCBuildConfiguration;
			baseConfigurationReference = BE5335C4E27F1F967BC1D287 /* Pods-QCharge.release.xcconfig */;
			buildSettings = {
				ASSETCATALOG_COMPILER_APPICON_NAME = AppIcon;
				ASSETCATALOG_COMPILER_GLOBAL_ACCENT_COLOR_NAME = AccentColor;
				CODE_SIGN_STYLE = Automatic;
				DEVELOPMENT_TEAM = ZXJV579PJ7;
				INFOPLIST_FILE = QCharge/Info.plist;
				LD_RUNPATH_SEARCH_PATHS = (
					"$(inherited)",
					"@executable_path/Frameworks",
				);
				PRODUCT_BUNDLE_IDENTIFIER = prapawity.QCharge;
				PRODUCT_NAME = "$(TARGET_NAME)";
				SWIFT_VERSION = 5.0;
				TARGETED_DEVICE_FAMILY = "1,2";
			};
			name = Release;
		};
/* End XCBuildConfiguration section */

/* Begin XCConfigurationList section */
		178DEED72690229700BE73F3 /* Build configuration list for PBXProject "QCharge" */ = {
			isa = XCConfigurationList;
			buildConfigurations = (
				178DEEEE2690229800BE73F3 /* Debug */,
				178DEEEF2690229800BE73F3 /* Release */,
			);
			defaultConfigurationIsVisible = 0;
			defaultConfigurationName = Release;
		};
		178DEEF02690229800BE73F3 /* Build configuration list for PBXNativeTarget "QCharge" */ = {
			isa = XCConfigurationList;
			buildConfigurations = (
				178DEEF12690229800BE73F3 /* Debug */,
				178DEEF22690229800BE73F3 /* Release */,
			);
			defaultConfigurationIsVisible = 0;
			defaultConfigurationName = Release;
		};
/* End XCConfigurationList section */
	};
	rootObject = 178DEED42690229700BE73F3 /* Project object */;
}
